
Microsoft Visual Studio Solution File, Format Version 12.00
# Visual Studio Version 16
VisualStudioVersion = 16.0.28803.202
MinimumVisualStudioVersion = 10.0.40219.1
Project("{00D1A9C2-B5F0-4AF3-8072-F6C62B433612}") = "PreactorPBD", "PreactorPBD\PreactorPBD.sqlproj", "{B6519C4C-5163-4160-AE53-63BE91408109}"
EndProject
Project("{00D1A9C2-B5F0-4AF3-8072-F6C62B433612}") = "PLANT", "RKV\PLANT.sqlproj", "{65D31EE6-93CB-4FA8-95E7-E1339A5BDE25}"
EndProject
Project("{00D1A9C2-B5F0-4AF3-8072-F6C62B433612}") = "RKV_SCAL", "RKV_SCAL\RKV_SCAL.sqlproj", "{C9EAE401-A701-4CF2-9AD0-952188EE67E0}"
EndProject
Project("{00D1A9C2-B5F0-4AF3-8072-F6C62B433612}") = "POTREB", "POTREB\POTREB.sqlproj", "{743E160A-1B03-42BF-9C6E-977706B2B7F1}"
EndProject
Project("{2150E333-8FDC-42A3-9474-1A3956D46DE8}") = "Solution Items", "Solution Items", "{3AB8A5CA-F132-4C81-A13F-8DFAF9A60763}"
	ProjectSection(SolutionItems) = preProject
		.editorconfig = .editorconfig
	EndProjectSection
EndProject
Project("{00D1A9C2-B5F0-4AF3-8072-F6C62B433612}") = "BelwestDb", "BelwestDb\BelwestDb.sqlproj", "{ADA99C7B-9E1A-4BFE-8E21-193175C8AF62}"
EndProject
Global
	GlobalSection(SolutionConfigurationPlatforms) = preSolution
		Debug|Any CPU = Debug|Any CPU
		Debug|x86 = Debug|x86
		Release|Any CPU = Release|Any CPU
		Release|x86 = Release|x86
	EndGlobalSection
	GlobalSection(ProjectConfigurationPlatforms) = postSolution
		{B6519C4C-5163-4160-AE53-63BE91408109}.Debug|Any CPU.ActiveCfg = Debug|Any CPU
		{B6519C4C-5163-4160-AE53-63BE91408109}.Debug|Any CPU.Build.0 = Debug|Any CPU
		{B6519C4C-5163-4160-AE53-63BE91408109}.Debug|Any CPU.Deploy.0 = Debug|Any CPU
		{B6519C4C-5163-4160-AE53-63BE91408109}.Debug|x86.ActiveCfg = Debug|x86
		{B6519C4C-5163-4160-AE53-63BE91408109}.Debug|x86.Build.0 = Debug|x86
		{B6519C4C-5163-4160-AE53-63BE91408109}.Debug|x86.Deploy.0 = Debug|x86
		{B6519C4C-5163-4160-AE53-63BE91408109}.Release|Any CPU.ActiveCfg = Release|Any CPU
		{B6519C4C-5163-4160-AE53-63BE91408109}.Release|Any CPU.Build.0 = Release|Any CPU
		{B6519C4C-5163-4160-AE53-63BE91408109}.Release|Any CPU.Deploy.0 = Release|Any CPU
		{B6519C4C-5163-4160-AE53-63BE91408109}.Release|x86.ActiveCfg = Release|x86
		{B6519C4C-5163-4160-AE53-63BE91408109}.Release|x86.Build.0 = Release|x86
		{B6519C4C-5163-4160-AE53-63BE91408109}.Release|x86.Deploy.0 = Release|x86
		{65D31EE6-93CB-4FA8-95E7-E1339A5BDE25}.Debug|Any CPU.ActiveCfg = Debug|Any CPU
		{65D31EE6-93CB-4FA8-95E7-E1339A5BDE25}.Debug|Any CPU.Build.0 = Debug|Any CPU
		{65D31EE6-93CB-4FA8-95E7-E1339A5BDE25}.Debug|Any CPU.Deploy.0 = Debug|Any CPU
		{65D31EE6-93CB-4FA8-95E7-E1339A5BDE25}.Debug|x86.ActiveCfg = Debug|Any CPU
		{65D31EE6-93CB-4FA8-95E7-E1339A5BDE25}.Debug|x86.Build.0 = Debug|Any CPU
		{65D31EE6-93CB-4FA8-95E7-E1339A5BDE25}.Debug|x86.Deploy.0 = Debug|Any CPU
		{65D31EE6-93CB-4FA8-95E7-E1339A5BDE25}.Release|Any CPU.ActiveCfg = Release|Any CPU
		{65D31EE6-93CB-4FA8-95E7-E1339A5BDE25}.Release|Any CPU.Build.0 = Release|Any CPU
		{65D31EE6-93CB-4FA8-95E7-E1339A5BDE25}.Release|Any CPU.Deploy.0 = Release|Any CPU
		{65D31EE6-93CB-4FA8-95E7-E1339A5BDE25}.Release|x86.ActiveCfg = Release|Any CPU
		{65D31EE6-93CB-4FA8-95E7-E1339A5BDE25}.Release|x86.Build.0 = Release|Any CPU
		{65D31EE6-93CB-4FA8-95E7-E1339A5BDE25}.Release|x86.Deploy.0 = Release|Any CPU
		{C9EAE401-A701-4CF2-9AD0-952188EE67E0}.Debug|Any CPU.ActiveCfg = Debug|Any CPU
		{C9EAE401-A701-4CF2-9AD0-952188EE67E0}.Debug|Any CPU.Build.0 = Debug|Any CPU
		{C9EAE401-A701-4CF2-9AD0-952188EE67E0}.Debug|Any CPU.Deploy.0 = Debug|Any CPU
		{C9EAE401-A701-4CF2-9AD0-952188EE67E0}.Debug|x86.ActiveCfg = Debug|Any CPU
		{C9EAE401-A701-4CF2-9AD0-952188EE67E0}.Debug|x86.Build.0 = Debug|Any CPU
		{C9EAE401-A701-4CF2-9AD0-952188EE67E0}.Debug|x86.Deploy.0 = Debug|Any CPU
		{C9EAE401-A701-4CF2-9AD0-952188EE67E0}.Release|Any CPU.ActiveCfg = Release|Any CPU
		{C9EAE401-A701-4CF2-9AD0-952188EE67E0}.Release|Any CPU.Build.0 = Release|Any CPU
		{C9EAE401-A701-4CF2-9AD0-952188EE67E0}.Release|Any CPU.Deploy.0 = Release|Any CPU
		{C9EAE401-A701-4CF2-9AD0-952188EE67E0}.Release|x86.ActiveCfg = Release|Any CPU
		{C9EAE401-A701-4CF2-9AD0-952188EE67E0}.Release|x86.Build.0 = Release|Any CPU
		{C9EAE401-A701-4CF2-9AD0-952188EE67E0}.Release|x86.Deploy.0 = Release|Any CPU
		{743E160A-1B03-42BF-9C6E-977706B2B7F1}.Debug|Any CPU.ActiveCfg = Debug|Any CPU
		{743E160A-1B03-42BF-9C6E-977706B2B7F1}.Debug|Any CPU.Build.0 = Debug|Any CPU
		{743E160A-1B03-42BF-9C6E-977706B2B7F1}.Debug|Any CPU.Deploy.0 = Debug|Any CPU
		{743E160A-1B03-42BF-9C6E-977706B2B7F1}.Debug|x86.ActiveCfg = Debug|Any CPU
		{743E160A-1B03-42BF-9C6E-977706B2B7F1}.Debug|x86.Build.0 = Debug|Any CPU
		{743E160A-1B03-42BF-9C6E-977706B2B7F1}.Debug|x86.Deploy.0 = Debug|Any CPU
		{743E160A-1B03-42BF-9C6E-977706B2B7F1}.Release|Any CPU.ActiveCfg = Release|Any CPU
		{743E160A-1B03-42BF-9C6E-977706B2B7F1}.Release|Any CPU.Build.0 = Release|Any CPU
		{743E160A-1B03-42BF-9C6E-977706B2B7F1}.Release|Any CPU.Deploy.0 = Release|Any CPU
		{743E160A-1B03-42BF-9C6E-977706B2B7F1}.Release|x86.ActiveCfg = Release|Any CPU
		{743E160A-1B03-42BF-9C6E-977706B2B7F1}.Release|x86.Build.0 = Release|Any CPU
		{743E160A-1B03-42BF-9C6E-977706B2B7F1}.Release|x86.Deploy.0 = Release|Any CPU
		{ADA99C7B-9E1A-4BFE-8E21-193175C8AF62}.Debug|Any CPU.ActiveCfg = Debug|Any CPU
		{ADA99C7B-9E1A-4BFE-8E21-193175C8AF62}.Debug|Any CPU.Build.0 = Debug|Any CPU
		{ADA99C7B-9E1A-4BFE-8E21-193175C8AF62}.Debug|Any CPU.Deploy.0 = Debug|Any CPU
		{ADA99C7B-9E1A-4BFE-8E21-193175C8AF62}.Debug|x86.ActiveCfg = Debug|Any CPU
		{ADA99C7B-9E1A-4BFE-8E21-193175C8AF62}.Debug|x86.Build.0 = Debug|Any CPU
		{ADA99C7B-9E1A-4BFE-8E21-193175C8AF62}.Debug|x86.Deploy.0 = Debug|Any CPU
		{ADA99C7B-9E1A-4BFE-8E21-193175C8AF62}.Release|Any CPU.ActiveCfg = Release|Any CPU
		{ADA99C7B-9E1A-4BFE-8E21-193175C8AF62}.Release|Any CPU.Build.0 = Release|Any CPU
		{ADA99C7B-9E1A-4BFE-8E21-193175C8AF62}.Release|Any CPU.Deploy.0 = Release|Any CPU
		{ADA99C7B-9E1A-4BFE-8E21-193175C8AF62}.Release|x86.ActiveCfg = Release|Any CPU
		{ADA99C7B-9E1A-4BFE-8E21-193175C8AF62}.Release|x86.Build.0 = Release|Any CPU
		{ADA99C7B-9E1A-4BFE-8E21-193175C8AF62}.Release|x86.Deploy.0 = Release|Any CPU
	EndGlobalSection
	GlobalSection(SolutionProperties) = preSolution
		HideSolutionNode = FALSE
	EndGlobalSection
	GlobalSection(ExtensibilityGlobals) = postSolution
		SolutionGuid = {2156B04B-675A-4066-B470-E5A9946F99CF}
	EndGlobalSection
EndGlobal
