
Microsoft Visual Studio Solution File, Format Version 12.00
# Visual Studio 15
VisualStudioVersion = 15.0.28307.136
MinimumVisualStudioVersion = 10.0.40219.1
Project("{00D1A9C2-B5F0-4AF3-8072-F6C62B433612}") = "PreactorPBD", "PreactorPBD\PreactorPBD.sqlproj", "{B6519C4C-5163-4160-AE53-63BE91408109}"
EndProject
Global
	GlobalSection(SolutionConfigurationPlatforms) = preSolution
		Debug|Any CPU = Debug|Any CPU
		Release|Any CPU = Release|Any CPU
	EndGlobalSection
	GlobalSection(ProjectConfigurationPlatforms) = postSolution
		{B6519C4C-5163-4160-AE53-63BE91408109}.Debug|Any CPU.ActiveCfg = Debug|Any CPU
		{B6519C4C-5163-4160-AE53-63BE91408109}.Debug|Any CPU.Build.0 = Debug|Any CPU
		{B6519C4C-5163-4160-AE53-63BE91408109}.Debug|Any CPU.Deploy.0 = Debug|Any CPU
		{B6519C4C-5163-4160-AE53-63BE91408109}.Release|Any CPU.ActiveCfg = Release|Any CPU
		{B6519C4C-5163-4160-AE53-63BE91408109}.Release|Any CPU.Build.0 = Release|Any CPU
		{B6519C4C-5163-4160-AE53-63BE91408109}.Release|Any CPU.Deploy.0 = Release|Any CPU
	EndGlobalSection
	GlobalSection(SolutionProperties) = preSolution
		HideSolutionNode = FALSE
	EndGlobalSection
	GlobalSection(ExtensibilityGlobals) = postSolution
		SolutionGuid = {2156B04B-675A-4066-B470-E5A9946F99CF}
	EndGlobalSection
EndGlobal
